
Microsoft Visual Studio Solution File, Format Version 12.00
# Visual Studio Version 17
VisualStudioVersion = 17.0.31903.59
MinimumVisualStudioVersion = 10.0.40219.1
Project("{9A19103F-16F7-4668-BE54-9A1E7A4F7556}") = "CapiGenerator", "CapiGenerator\CapiGenerator.csproj", "{64CBF23B-F3E9-49D9-9B3E-6C3E3A25061F}"
EndProject
Project("{9A19103F-16F7-4668-BE54-9A1E7A4F7556}") = "TestProject", "TestProject\TestProject.csproj", "{9BAFB9D1-6F15-4334-8064-5E1E2ED8BFC2}"
EndProject
Project("{FAE04EC0-301F-11D3-BF4B-00C04F79EFBC}") = "XUnitTestProject", "XUnitTestProject\XUnitTestProject.csproj", "{2063A45D-BA1B-4EF5-9FBD-3C425B697E3A}"
EndProject
Global
	GlobalSection(SolutionConfigurationPlatforms) = preSolution
		Debug|Any CPU = Debug|Any CPU
		Release|Any CPU = Release|Any CPU
	EndGlobalSection
	GlobalSection(ProjectConfigurationPlatforms) = postSolution
		{64CBF23B-F3E9-49D9-9B3E-6C3E3A25061F}.Debug|Any CPU.ActiveCfg = Debug|Any CPU
		{64CBF23B-F3E9-49D9-9B3E-6C3E3A25061F}.Debug|Any CPU.Build.0 = Debug|Any CPU
		{64CBF23B-F3E9-49D9-9B3E-6C3E3A25061F}.Release|Any CPU.ActiveCfg = Release|Any CPU
		{64CBF23B-F3E9-49D9-9B3E-6C3E3A25061F}.Release|Any CPU.Build.0 = Release|Any CPU
		{9BAFB9D1-6F15-4334-8064-5E1E2ED8BFC2}.Debug|Any CPU.ActiveCfg = Debug|Any CPU
		{9BAFB9D1-6F15-4334-8064-5E1E2ED8BFC2}.Debug|Any CPU.Build.0 = Debug|Any CPU
		{9BAFB9D1-6F15-4334-8064-5E1E2ED8BFC2}.Release|Any CPU.ActiveCfg = Release|Any CPU
		{9BAFB9D1-6F15-4334-8064-5E1E2ED8BFC2}.Release|Any CPU.Build.0 = Release|Any CPU
		{2063A45D-BA1B-4EF5-9FBD-3C425B697E3A}.Debug|Any CPU.ActiveCfg = Debug|Any CPU
		{2063A45D-BA1B-4EF5-9FBD-3C425B697E3A}.Debug|Any CPU.Build.0 = Debug|Any CPU
		{2063A45D-BA1B-4EF5-9FBD-3C425B697E3A}.Release|Any CPU.ActiveCfg = Release|Any CPU
		{2063A45D-BA1B-4EF5-9FBD-3C425B697E3A}.Release|Any CPU.Build.0 = Release|Any CPU
	EndGlobalSection
	GlobalSection(SolutionProperties) = preSolution
		HideSolutionNode = FALSE
	EndGlobalSection
EndGlobal
